
Microsoft Visual Studio Solution File, Format Version 12.00
# Visual Studio Version 17
VisualStudioVersion = 17.6.33829.357
MinimumVisualStudioVersion = 10.0.40219.1
Project("{FAE04EC0-301F-11D3-BF4B-00C04F79EFBC}") = "NHMatsumoto-GlobalExceptionMiddleware-Demo", "NHMatsumoto-GlobalExceptionMiddleware-Demo.csproj", "{5CDA715D-A0A5-48F9-B085-46DB498703CA}"
EndProject
Global
	GlobalSection(SolutionConfigurationPlatforms) = preSolution
		Debug|Any CPU = Debug|Any CPU
		Release|Any CPU = Release|Any CPU
	EndGlobalSection
	GlobalSection(ProjectConfigurationPlatforms) = postSolution
		{5CDA715D-A0A5-48F9-B085-46DB498703CA}.Debug|Any CPU.ActiveCfg = Debug|Any CPU
		{5CDA715D-A0A5-48F9-B085-46DB498703CA}.Debug|Any CPU.Build.0 = Debug|Any CPU
		{5CDA715D-A0A5-48F9-B085-46DB498703CA}.Release|Any CPU.ActiveCfg = Release|Any CPU
		{5CDA715D-A0A5-48F9-B085-46DB498703CA}.Release|Any CPU.Build.0 = Release|Any CPU
	EndGlobalSection
	GlobalSection(SolutionProperties) = preSolution
		HideSolutionNode = FALSE
	EndGlobalSection
	GlobalSection(ExtensibilityGlobals) = postSolution
		SolutionGuid = {9CF77663-D743-4D0E-A635-3E512921482F}
	EndGlobalSection
EndGlobal
